// !$*UTF8*$!
{
	archiveVersion = 1;
	classes = {
	};
	objectVersion = 55;
	objects = {

/* Begin PBXBuildFile section */
		F36C4B36287695EA00A5CCF4 /* AppDelegate.swift in Sources */ = {isa = PBXBuildFile; fileRef = F36C4B35287695EA00A5CCF4 /* AppDelegate.swift */; };
		F36C4B602876991800A5CCF4 /* Assets.xcassets in Resources */ = {isa = PBXBuildFile; fileRef = F36C4B4D2876991800A5CCF4 /* Assets.xcassets */; };
		F36C4B612876991800A5CCF4 /* CalculatorBrain.swift in Sources */ = {isa = PBXBuildFile; fileRef = F36C4B4F2876991800A5CCF4 /* CalculatorBrain.swift */; };
		F36C4B622876991800A5CCF4 /* BMI.swift in Sources */ = {isa = PBXBuildFile; fileRef = F36C4B502876991800A5CCF4 /* BMI.swift */; };
		F36C4B642876991800A5CCF4 /* LaunchScreen.storyboard in Resources */ = {isa = PBXBuildFile; fileRef = F36C4B522876991800A5CCF4 /* LaunchScreen.storyboard */; };
		F36C4B662876991800A5CCF4 /* ResultViewController.swift in Sources */ = {isa = PBXBuildFile; fileRef = F36C4B562876991800A5CCF4 /* ResultViewController.swift */; };
		F36C4B672876991800A5CCF4 /* CalculateViewController.swift in Sources */ = {isa = PBXBuildFile; fileRef = F36C4B572876991800A5CCF4 /* CalculateViewController.swift */; };
		F36C4B682876991800A5CCF4 /* Main.storyboard in Resources */ = {isa = PBXBuildFile; fileRef = F36C4B592876991800A5CCF4 /* Main.storyboard */; };
		F36C4B6A2876991800A5CCF4 /* SceneDelegate.swift in Sources */ = {isa = PBXBuildFile; fileRef = F36C4B5C2876991800A5CCF4 /* SceneDelegate.swift */; };
/* End PBXBuildFile section */

/* Begin PBXFileReference section */
		F36C4B32287695EA00A5CCF4 /* Size Adviser.app */ = {isa = PBXFileReference; explicitFileType = wrapper.application; includeInIndex = 0; path = "Size Adviser.app"; sourceTree = BUILT_PRODUCTS_DIR; };
		F36C4B35287695EA00A5CCF4 /* AppDelegate.swift */ = {isa = PBXFileReference; lastKnownFileType = sourcecode.swift; path = AppDelegate.swift; sourceTree = "<group>"; };
		F36C4B4D2876991800A5CCF4 /* Assets.xcassets */ = {isa = PBXFileReference; lastKnownFileType = folder.assetcatalog; path = Assets.xcassets; sourceTree = "<group>"; };
		F36C4B4F2876991800A5CCF4 /* CalculatorBrain.swift */ = {isa = PBXFileReference; fileEncoding = 4; lastKnownFileType = sourcecode.swift; path = CalculatorBrain.swift; sourceTree = "<group>"; };
		F36C4B502876991800A5CCF4 /* BMI.swift */ = {isa = PBXFileReference; fileEncoding = 4; lastKnownFileType = sourcecode.swift; path = BMI.swift; sourceTree = "<group>"; };
		F36C4B532876991800A5CCF4 /* Base */ = {isa = PBXFileReference; lastKnownFileType = file.storyboard; name = Base; path = Base.lproj/LaunchScreen.storyboard; sourceTree = "<group>"; };
		F36C4B562876991800A5CCF4 /* ResultViewController.swift */ = {isa = PBXFileReference; fileEncoding = 4; lastKnownFileType = sourcecode.swift; path = ResultViewController.swift; sourceTree = "<group>"; };
		F36C4B572876991800A5CCF4 /* CalculateViewController.swift */ = {isa = PBXFileReference; fileEncoding = 4; lastKnownFileType = sourcecode.swift; path = CalculateViewController.swift; sourceTree = "<group>"; };
		F36C4B5A2876991800A5CCF4 /* Base */ = {isa = PBXFileReference; lastKnownFileType = file.storyboard; name = Base; path = Base.lproj/Main.storyboard; sourceTree = "<group>"; };
		F36C4B5B2876991800A5CCF4 /* Info.plist */ = {isa = PBXFileReference; fileEncoding = 4; lastKnownFileType = text.plist.xml; path = Info.plist; sourceTree = "<group>"; };
		F36C4B5C2876991800A5CCF4 /* SceneDelegate.swift */ = {isa = PBXFileReference; fileEncoding = 4; lastKnownFileType = sourcecode.swift; path = SceneDelegate.swift; sourceTree = "<group>"; };
/* End PBXFileReference section */

/* Begin PBXFrameworksBuildPhase section */
		F36C4B2F287695EA00A5CCF4 /* Frameworks */ = {
			isa = PBXFrameworksBuildPhase;
			buildActionMask = 2147483647;
			files = (
			);
			runOnlyForDeploymentPostprocessing = 0;
		};
/* End PBXFrameworksBuildPhase section */

/* Begin PBXGroup section */
		F36C4B29287695E900A5CCF4 = {
			isa = PBXGroup;
			children = (
				F36C4B492876991800A5CCF4 /* Size Adviser */,
				F36C4B33287695EA00A5CCF4 /* Products */,
			);
			sourceTree = "<group>";
		};
		F36C4B33287695EA00A5CCF4 /* Products */ = {
			isa = PBXGroup;
			children = (
				F36C4B32287695EA00A5CCF4 /* Size Adviser.app */,
			);
			name = Products;
			sourceTree = "<group>";
		};
		F36C4B492876991800A5CCF4 /* Size Adviser */ = {
			isa = PBXGroup;
			children = (
				F36C4B35287695EA00A5CCF4 /* AppDelegate.swift */,
				F36C4B5C2876991800A5CCF4 /* SceneDelegate.swift */,
				F36C4B4D2876991800A5CCF4 /* Assets.xcassets */,
				F36C4B4E2876991800A5CCF4 /* Models */,
				F36C4B522876991800A5CCF4 /* LaunchScreen.storyboard */,
				F36C4B552876991800A5CCF4 /* Controllers */,
				F36C4B582876991800A5CCF4 /* Views */,
				F36C4B5B2876991800A5CCF4 /* Info.plist */,
			);
			path = "Size Adviser";
			sourceTree = "<group>";
		};
		F36C4B4E2876991800A5CCF4 /* Models */ = {
			isa = PBXGroup;
			children = (
				F36C4B4F2876991800A5CCF4 /* CalculatorBrain.swift */,
				F36C4B502876991800A5CCF4 /* BMI.swift */,
			);
			path = Models;
			sourceTree = "<group>";
		};
		F36C4B552876991800A5CCF4 /* Controllers */ = {
			isa = PBXGroup;
			children = (
				F36C4B562876991800A5CCF4 /* ResultViewController.swift */,
				F36C4B572876991800A5CCF4 /* CalculateViewController.swift */,
			);
			path = Controllers;
			sourceTree = "<group>";
		};
		F36C4B582876991800A5CCF4 /* Views */ = {
			isa = PBXGroup;
			children = (
				F36C4B592876991800A5CCF4 /* Main.storyboard */,
			);
			path = Views;
			sourceTree = "<group>";
		};
/* End PBXGroup section */

/* Begin PBXNativeTarget section */
		F36C4B31287695EA00A5CCF4 /* Size Adviser */ = {
			isa = PBXNativeTarget;
			buildConfigurationList = F36C4B46287695EB00A5CCF4 /* Build configuration list for PBXNativeTarget "Size Adviser" */;
			buildPhases = (
				F36C4B2E287695EA00A5CCF4 /* Sources */,
				F36C4B2F287695EA00A5CCF4 /* Frameworks */,
				F36C4B30287695EA00A5CCF4 /* Resources */,
			);
			buildRules = (
			);
			dependencies = (
			);
			name = "Size Adviser";
			productName = "Size Adviser";
			productReference = F36C4B32287695EA00A5CCF4 /* Size Adviser.app */;
			productType = "com.apple.product-type.application";
		};
/* End PBXNativeTarget section */

/* Begin PBXProject section */
		F36C4B2A287695E900A5CCF4 /* Project object */ = {
			isa = PBXProject;
			attributes = {
				BuildIndependentTargetsInParallel = 1;
				LastSwiftUpdateCheck = 1340;
				LastUpgradeCheck = 1340;
				TargetAttributes = {
					F36C4B31287695EA00A5CCF4 = {
						CreatedOnToolsVersion = 13.4.1;
					};
				};
			};
			buildConfigurationList = F36C4B2D287695E900A5CCF4 /* Build configuration list for PBXProject "Size Adviser" */;
			compatibilityVersion = "Xcode 13.0";
			developmentRegion = en;
			hasScannedForEncodings = 0;
			knownRegions = (
				en,
				Base,
			);
			mainGroup = F36C4B29287695E900A5CCF4;
			productRefGroup = F36C4B33287695EA00A5CCF4 /* Products */;
			projectDirPath = "";
			projectRoot = "";
			targets = (
				F36C4B31287695EA00A5CCF4 /* Size Adviser */,
			);
		};
/* End PBXProject section */

/* Begin PBXResourcesBuildPhase section */
		F36C4B30287695EA00A5CCF4 /* Resources */ = {
			isa = PBXResourcesBuildPhase;
			buildActionMask = 2147483647;
			files = (
				F36C4B682876991800A5CCF4 /* Main.storyboard in Resources */,
				F36C4B642876991800A5CCF4 /* LaunchScreen.storyboard in Resources */,
				F36C4B602876991800A5CCF4 /* Assets.xcassets in Resources */,
			);
			runOnlyForDeploymentPostprocessing = 0;
		};
/* End PBXResourcesBuildPhase section */

/* Begin PBXSourcesBuildPhase section */
		F36C4B2E287695EA00A5CCF4 /* Sources */ = {
			isa = PBXSourcesBuildPhase;
			buildActionMask = 2147483647;
			files = (
				F36C4B612876991800A5CCF4 /* CalculatorBrain.swift in Sources */,
				F36C4B36287695EA00A5CCF4 /* AppDelegate.swift in Sources */,
				F36C4B672876991800A5CCF4 /* CalculateViewController.swift in Sources */,
				F36C4B622876991800A5CCF4 /* BMI.swift in Sources */,
				F36C4B662876991800A5CCF4 /* ResultViewController.swift in Sources */,
				F36C4B6A2876991800A5CCF4 /* SceneDelegate.swift in Sources */,
			);
			runOnlyForDeploymentPostprocessing = 0;
		};
/* End PBXSourcesBuildPhase section */

/* Begin PBXVariantGroup section */
		F36C4B522876991800A5CCF4 /* LaunchScreen.storyboard */ = {
			isa = PBXVariantGroup;
			children = (
				F36C4B532876991800A5CCF4 /* Base */,
			);
			name = LaunchScreen.storyboard;
			sourceTree = "<group>";
		};
		F36C4B592876991800A5CCF4 /* Main.storyboard */ = {
			isa = PBXVariantGroup;
			children = (
				F36C4B5A2876991800A5CCF4 /* Base */,
			);
			name = Main.storyboard;
			sourceTree = "<group>";
		};
/* End PBXVariantGroup section */

/* Begin XCBuildConfiguration section */
		F36C4B44287695EB00A5CCF4 /* Debug */ = {
			isa = XCBuildConfiguration;
			buildSettings = {
				ALWAYS_SEARCH_USER_PATHS = NO;
				CLANG_ANALYZER_NONNULL = YES;
				CLANG_ANALYZER_NUMBER_OBJECT_CONVERSION = YES_AGGRESSIVE;
				CLANG_CXX_LANGUAGE_STANDARD = "gnu++17";
				CLANG_ENABLE_MODULES = YES;
				CLANG_ENABLE_OBJC_ARC = YES;
				CLANG_ENABLE_OBJC_WEAK = YES;
				CLANG_WARN_BLOCK_CAPTURE_AUTORELEASING = YES;
				CLANG_WARN_BOOL_CONVERSION = YES;
				CLANG_WARN_COMMA = YES;
				CLANG_WARN_CONSTANT_CONVERSION = YES;
				CLANG_WARN_DEPRECATED_OBJC_IMPLEMENTATIONS = YES;
				CLANG_WARN_DIRECT_OBJC_ISA_USAGE = YES_ERROR;
				CLANG_WARN_DOCUMENTATION_COMMENTS = YES;
				CLANG_WARN_EMPTY_BODY = YES;
				CLANG_WARN_ENUM_CONVERSION = YES;
				CLANG_WARN_INFINITE_RECURSION = YES;
				CLANG_WARN_INT_CONVERSION = YES;
				CLANG_WARN_NON_LITERAL_NULL_CONVERSION = YES;
				CLANG_WARN_OBJC_IMPLICIT_RETAIN_SELF = YES;
				CLANG_WARN_OBJC_LITERAL_CONVERSION = YES;
				CLANG_WARN_OBJC_ROOT_CLASS = YES_ERROR;
				CLANG_WARN_QUOTED_INCLUDE_IN_FRAMEWORK_HEADER = YES;
				CLANG_WARN_RANGE_LOOP_ANALYSIS = YES;
				CLANG_WARN_STRICT_PROTOTYPES = YES;
				CLANG_WARN_SUSPICIOUS_MOVE = YES;
				CLANG_WARN_UNGUARDED_AVAILABILITY = YES_AGGRESSIVE;
				CLANG_WARN_UNREACHABLE_CODE = YES;
				CLANG_WARN__DUPLICATE_METHOD_MATCH = YES;
				COPY_PHASE_STRIP = NO;
				DEBUG_INFORMATION_FORMAT = dwarf;
				ENABLE_STRICT_OBJC_MSGSEND = YES;
				ENABLE_TESTABILITY = YES;
				GCC_C_LANGUAGE_STANDARD = gnu11;
				GCC_DYNAMIC_NO_PIC = NO;
				GCC_NO_COMMON_BLOCKS = YES;
				GCC_OPTIMIZATION_LEVEL = 0;
				GCC_PREPROCESSOR_DEFINITIONS = (
					"DEBUG=1",
					"$(inherited)",
				);
				GCC_WARN_64_TO_32_BIT_CONVERSION = YES;
				GCC_WARN_ABOUT_RETURN_TYPE = YES_ERROR;
				GCC_WARN_UNDECLARED_SELECTOR = YES;
				GCC_WARN_UNINITIALIZED_AUTOS = YES_AGGRESSIVE;
				GCC_WARN_UNUSED_FUNCTION = YES;
				GCC_WARN_UNUSED_VARIABLE = YES;
				IPHONEOS_DEPLOYMENT_TARGET = 15.5;
				MTL_ENABLE_DEBUG_INFO = INCLUDE_SOURCE;
				MTL_FAST_MATH = YES;
				ONLY_ACTIVE_ARCH = YES;
				SDKROOT = iphoneos;
				SWIFT_ACTIVE_COMPILATION_CONDITIONS = DEBUG;
				SWIFT_OPTIMIZATION_LEVEL = "-Onone";
			};
			name = Debug;
		};
		F36C4B45287695EB00A5CCF4 /* Release */ = {
			isa = XCBuildConfiguration;
			buildSettings = {
				ALWAYS_SEARCH_USER_PATHS = NO;
				CLANG_ANALYZER_NONNULL = YES;
				CLANG_ANALYZER_NUMBER_OBJECT_CONVERSION = YES_AGGRESSIVE;
				CLANG_CXX_LANGUAGE_STANDARD = "gnu++17";
				CLANG_ENABLE_MODULES = YES;
				CLANG_ENABLE_OBJC_ARC = YES;
				CLANG_ENABLE_OBJC_WEAK = YES;
				CLANG_WARN_BLOCK_CAPTURE_AUTORELEASING = YES;
				CLANG_WARN_BOOL_CONVERSION = YES;
				CLANG_WARN_COMMA = YES;
				CLANG_WARN_CONSTANT_CONVERSION = YES;
				CLANG_WARN_DEPRECATED_OBJC_IMPLEMENTATIONS = YES;
				CLANG_WARN_DIRECT_OBJC_ISA_USAGE = YES_ERROR;
				CLANG_WARN_DOCUMENTATION_COMMENTS = YES;
				CLANG_WARN_EMPTY_BODY = YES;
				CLANG_WARN_ENUM_CONVERSION = YES;
				CLANG_WARN_INFINITE_RECURSION = YES;
				CLANG_WARN_INT_CONVERSION = YES;
				CLANG_WARN_NON_LITERAL_NULL_CONVERSION = YES;
				CLANG_WARN_OBJC_IMPLICIT_RETAIN_SELF = YES;
				CLANG_WARN_OBJC_LITERAL_CONVERSION = YES;
				CLANG_WARN_OBJC_ROOT_CLASS = YES_ERROR;
				CLANG_WARN_QUOTED_INCLUDE_IN_FRAMEWORK_HEADER = YES;
				CLANG_WARN_RANGE_LOOP_ANALYSIS = YES;
				CLANG_WARN_STRICT_PROTOTYPES = YES;
				CLANG_WARN_SUSPICIOUS_MOVE = YES;
				CLANG_WARN_UNGUARDED_AVAILABILITY = YES_AGGRESSIVE;
				CLANG_WARN_UNREACHABLE_CODE = YES;
				CLANG_WARN__DUPLICATE_METHOD_MATCH = YES;
				COPY_PHASE_STRIP = NO;
				DEBUG_INFORMATION_FORMAT = "dwarf-with-dsym";
				ENABLE_NS_ASSERTIONS = NO;
				ENABLE_STRICT_OBJC_MSGSEND = YES;
				GCC_C_LANGUAGE_STANDARD = gnu11;
				GCC_NO_COMMON_BLOCKS = YES;
				GCC_WARN_64_TO_32_BIT_CONVERSION = YES;
				GCC_WARN_ABOUT_RETURN_TYPE = YES_ERROR;
				GCC_WARN_UNDECLARED_SELECTOR = YES;
				GCC_WARN_UNINITIALIZED_AUTOS = YES_AGGRESSIVE;
				GCC_WARN_UNUSED_FUNCTION = YES;
				GCC_WARN_UNUSED_VARIABLE = YES;
				IPHONEOS_DEPLOYMENT_TARGET = 15.5;
				MTL_ENABLE_DEBUG_INFO = NO;
				MTL_FAST_MATH = YES;
				SDKROOT = iphoneos;
				SWIFT_COMPILATION_MODE = wholemodule;
				SWIFT_OPTIMIZATION_LEVEL = "-O";
				VALIDATE_PRODUCT = YES;
			};
			name = Release;
		};
		F36C4B47287695EB00A5CCF4 /* Debug */ = {
			isa = XCBuildConfiguration;
			buildSettings = {
				ASSETCATALOG_COMPILER_APPICON_NAME = AppIcon;
				ASSETCATALOG_COMPILER_GLOBAL_ACCENT_COLOR_NAME = AccentColor;
				CODE_SIGN_STYLE = Automatic;
				CURRENT_PROJECT_VERSION = 1;
				DEVELOPMENT_TEAM = 8XHP6V2BP5;
				GENERATE_INFOPLIST_FILE = YES;
				INFOPLIST_FILE = "Size Adviser/Info.plist";
				INFOPLIST_KEY_UIApplicationSupportsIndirectInputEvents = YES;
				INFOPLIST_KEY_UILaunchStoryboardName = LaunchScreen;
				INFOPLIST_KEY_UIMainStoryboardFile = Main;
				INFOPLIST_KEY_UISupportedInterfaceOrientations_iPad = "UIInterfaceOrientationPortrait UIInterfaceOrientationPortraitUpsideDown UIInterfaceOrientationLandscapeLeft UIInterfaceOrientationLandscapeRight";
				INFOPLIST_KEY_UISupportedInterfaceOrientations_iPhone = "UIInterfaceOrientationPortrait UIInterfaceOrientationLandscapeLeft UIInterfaceOrientationLandscapeRight";
				LD_RUNPATH_SEARCH_PATHS = (
					"$(inherited)",
					"@executable_path/Frameworks",
				);
				MARKETING_VERSION = 1.0;
				PRODUCT_BUNDLE_IDENTIFIER = "com.anaoaraujo.Size-Adviser";
				PRODUCT_NAME = "$(TARGET_NAME)";
				SWIFT_EMIT_LOC_STRINGS = YES;
				SWIFT_VERSION = 5.0;
				TARGETED_DEVICE_FAMILY = "1,2";
			};
			name = Debug;
		};
		F36C4B48287695EB00A5CCF4 /* Release */ = {
			isa = XCBuildConfiguration;
			buildSettings = {
				ASSETCATALOG_COMPILER_APPICON_NAME = AppIcon;
				ASSETCATALOG_COMPILER_GLOBAL_ACCENT_COLOR_NAME = AccentColor;
				CODE_SIGN_STYLE = Automatic;
				CURRENT_PROJECT_VERSION = 1;
				DEVELOPMENT_TEAM = 8XHP6V2BP5;
				GENERATE_INFOPLIST_FILE = YES;
				INFOPLIST_FILE = "Size Adviser/Info.plist";
				INFOPLIST_KEY_UIApplicationSupportsIndirectInputEvents = YES;
				INFOPLIST_KEY_UILaunchStoryboardName = LaunchScreen;
				INFOPLIST_KEY_UIMainStoryboardFile = Main;
				INFOPLIST_KEY_UISupportedInterfaceOrientations_iPad = "UIInterfaceOrientationPortrait UIInterfaceOrientationPortraitUpsideDown UIInterfaceOrientationLandscapeLeft UIInterfaceOrientationLandscapeRight";
				INFOPLIST_KEY_UISupportedInterfaceOrientations_iPhone = "UIInterfaceOrientationPortrait UIInterfaceOrientationLandscapeLeft UIInterfaceOrientationLandscapeRight";
				LD_RUNPATH_SEARCH_PATHS = (
					"$(inherited)",
					"@executable_path/Frameworks",
				);
				MARKETING_VERSION = 1.0;
				PRODUCT_BUNDLE_IDENTIFIER = "com.anaoaraujo.Size-Adviser";
				PRODUCT_NAME = "$(TARGET_NAME)";
				SWIFT_EMIT_LOC_STRINGS = YES;
				SWIFT_VERSION = 5.0;
				TARGETED_DEVICE_FAMILY = "1,2";
			};
			name = Release;
		};
/* End XCBuildConfiguration section */

/* Begin XCConfigurationList section */
		F36C4B2D287695E900A5CCF4 /* Build configuration list for PBXProject "Size Adviser" */ = {
			isa = XCConfigurationList;
			buildConfigurations = (
				F36C4B44287695EB00A5CCF4 /* Debug */,
				F36C4B45287695EB00A5CCF4 /* Release */,
			);
			defaultConfigurationIsVisible = 0;
			defaultConfigurationName = Release;
		};
		F36C4B46287695EB00A5CCF4 /* Build configuration list for PBXNativeTarget "Size Adviser" */ = {
			isa = XCConfigurationList;
			buildConfigurations = (
				F36C4B47287695EB00A5CCF4 /* Debug */,
				F36C4B48287695EB00A5CCF4 /* Release */,
			);
			defaultConfigurationIsVisible = 0;
			defaultConfigurationName = Release;
		};
/* End XCConfigurationList section */
	};
	rootObject = F36C4B2A287695E900A5CCF4 /* Project object */;
}
